
Microsoft Visual Studio Solution File, Format Version 12.00
# Visual Studio 15
VisualStudioVersion = 15.0.27703.2026
MinimumVisualStudioVersion = 10.0.40219.1
Project("{2150E333-8FDC-42A3-9474-1A3956D46DE8}") = "src", "src", "{6D831465-566F-449A-8D71-B90FE94696B5}"
EndProject
Project("{9A19103F-16F7-4668-BE54-9A1E7A4F7556}") = "IdentityManager2.AspNetIdentity", "src\IdentityManager2.AspNetIdentity\IdentityManager2.AspNetIdentity.csproj", "{0BA18FB3-87DD-4E34-8B73-48D395EB2D61}"
EndProject
Project("{FAE04EC0-301F-11D3-BF4B-00C04F79EFBC}") = "Host", "src\Host\Host.csproj", "{4334AE90-8FAD-4D90-9BED-53A8CCBA7EAD}"
EndProject
Global
	GlobalSection(SolutionConfigurationPlatforms) = preSolution
		Debug|Any CPU = Debug|Any CPU
		Release|Any CPU = Release|Any CPU
	EndGlobalSection
	GlobalSection(ProjectConfigurationPlatforms) = postSolution
		{0BA18FB3-87DD-4E34-8B73-48D395EB2D61}.Debug|Any CPU.ActiveCfg = Debug|Any CPU
		{0BA18FB3-87DD-4E34-8B73-48D395EB2D61}.Debug|Any CPU.Build.0 = Debug|Any CPU
		{0BA18FB3-87DD-4E34-8B73-48D395EB2D61}.Release|Any CPU.ActiveCfg = Release|Any CPU
		{0BA18FB3-87DD-4E34-8B73-48D395EB2D61}.Release|Any CPU.Build.0 = Release|Any CPU
		{4334AE90-8FAD-4D90-9BED-53A8CCBA7EAD}.Debug|Any CPU.ActiveCfg = Debug|Any CPU
		{4334AE90-8FAD-4D90-9BED-53A8CCBA7EAD}.Debug|Any CPU.Build.0 = Debug|Any CPU
		{4334AE90-8FAD-4D90-9BED-53A8CCBA7EAD}.Release|Any CPU.ActiveCfg = Release|Any CPU
		{4334AE90-8FAD-4D90-9BED-53A8CCBA7EAD}.Release|Any CPU.Build.0 = Release|Any CPU
	EndGlobalSection
	GlobalSection(SolutionProperties) = preSolution
		HideSolutionNode = FALSE
	EndGlobalSection
	GlobalSection(NestedProjects) = preSolution
		{0BA18FB3-87DD-4E34-8B73-48D395EB2D61} = {6D831465-566F-449A-8D71-B90FE94696B5}
		{4334AE90-8FAD-4D90-9BED-53A8CCBA7EAD} = {6D831465-566F-449A-8D71-B90FE94696B5}
	EndGlobalSection
	GlobalSection(ExtensibilityGlobals) = postSolution
		SolutionGuid = {CC13BC70-3120-4315-9930-B139D39C8C23}
	EndGlobalSection
EndGlobal
